// !$*UTF8*$!
{
	archiveVersion = 1;
	classes = {
	};
	objectVersion = 46;
	objects = {

/* Begin PBXBuildFile section */
		DC28A71C1F8F1046000AD505 /* AppDelegate.swift in Sources */ = {isa = PBXBuildFile; fileRef = DC28A71B1F8F1046000AD505 /* AppDelegate.swift */; };
		DC28A71E1F8F1046000AD505 /* ViewController.swift in Sources */ = {isa = PBXBuildFile; fileRef = DC28A71D1F8F1046000AD505 /* ViewController.swift */; };
		DC28A7211F8F1046000AD505 /* Main.storyboard in Resources */ = {isa = PBXBuildFile; fileRef = DC28A71F1F8F1046000AD505 /* Main.storyboard */; };
		DC28A7231F8F1046000AD505 /* Assets.xcassets in Resources */ = {isa = PBXBuildFile; fileRef = DC28A7221F8F1046000AD505 /* Assets.xcassets */; };
		DC28A7261F8F1046000AD505 /* LaunchScreen.storyboard in Resources */ = {isa = PBXBuildFile; fileRef = DC28A7241F8F1046000AD505 /* LaunchScreen.storyboard */; };
		DC28A7311F8F1047000AD505 /* Added_effect_shadow_in_buttonTests.swift in Sources */ = {isa = PBXBuildFile; fileRef = DC28A7301F8F1047000AD505 /* Added_effect_shadow_in_buttonTests.swift */; };
		DC28A73C1F8F1047000AD505 /* Added_effect_shadow_in_buttonUITests.swift in Sources */ = {isa = PBXBuildFile; fileRef = DC28A73B1F8F1047000AD505 /* Added_effect_shadow_in_buttonUITests.swift */; };
/* End PBXBuildFile section */

/* Begin PBXContainerItemProxy section */
		DC28A72D1F8F1047000AD505 /* PBXContainerItemProxy */ = {
			isa = PBXContainerItemProxy;
			containerPortal = DC28A7101F8F1046000AD505 /* Project object */;
			proxyType = 1;
			remoteGlobalIDString = DC28A7171F8F1046000AD505;
			remoteInfo = "Added effect shadow in button";
		};
		DC28A7381F8F1047000AD505 /* PBXContainerItemProxy */ = {
			isa = PBXContainerItemProxy;
			containerPortal = DC28A7101F8F1046000AD505 /* Project object */;
			proxyType = 1;
			remoteGlobalIDString = DC28A7171F8F1046000AD505;
			remoteInfo = "Added effect shadow in button";
		};
/* End PBXContainerItemProxy section */

/* Begin PBXFileReference section */
		DC28A7181F8F1046000AD505 /* Added effect shadow in button.app */ = {isa = PBXFileReference; explicitFileType = wrapper.application; includeInIndex = 0; path = "Added effect shadow in button.app"; sourceTree = BUILT_PRODUCTS_DIR; };
		DC28A71B1F8F1046000AD505 /* AppDelegate.swift */ = {isa = PBXFileReference; lastKnownFileType = sourcecode.swift; path = AppDelegate.swift; sourceTree = "<group>"; };
		DC28A71D1F8F1046000AD505 /* ViewController.swift */ = {isa = PBXFileReference; lastKnownFileType = sourcecode.swift; path = ViewController.swift; sourceTree = "<group>"; };
		DC28A7201F8F1046000AD505 /* Base */ = {isa = PBXFileReference; lastKnownFileType = file.storyboard; name = Base; path = Base.lproj/Main.storyboard; sourceTree = "<group>"; };
		DC28A7221F8F1046000AD505 /* Assets.xcassets */ = {isa = PBXFileReference; lastKnownFileType = folder.assetcatalog; path = Assets.xcassets; sourceTree = "<group>"; };
		DC28A7251F8F1046000AD505 /* Base */ = {isa = PBXFileReference; lastKnownFileType = file.storyboard; name = Base; path = Base.lproj/LaunchScreen.storyboard; sourceTree = "<group>"; };
		DC28A7271F8F1046000AD505 /* Info.plist */ = {isa = PBXFileReference; lastKnownFileType = text.plist.xml; path = Info.plist; sourceTree = "<group>"; };
		DC28A72C1F8F1047000AD505 /* Added effect shadow in buttonTests.xctest */ = {isa = PBXFileReference; explicitFileType = wrapper.cfbundle; includeInIndex = 0; path = "Added effect shadow in buttonTests.xctest"; sourceTree = BUILT_PRODUCTS_DIR; };
		DC28A7301F8F1047000AD505 /* Added_effect_shadow_in_buttonTests.swift */ = {isa = PBXFileReference; lastKnownFileType = sourcecode.swift; path = Added_effect_shadow_in_buttonTests.swift; sourceTree = "<group>"; };
		DC28A7321F8F1047000AD505 /* Info.plist */ = {isa = PBXFileReference; lastKnownFileType = text.plist.xml; path = Info.plist; sourceTree = "<group>"; };
		DC28A7371F8F1047000AD505 /* Added effect shadow in buttonUITests.xctest */ = {isa = PBXFileReference; explicitFileType = wrapper.cfbundle; includeInIndex = 0; path = "Added effect shadow in buttonUITests.xctest"; sourceTree = BUILT_PRODUCTS_DIR; };
		DC28A73B1F8F1047000AD505 /* Added_effect_shadow_in_buttonUITests.swift */ = {isa = PBXFileReference; lastKnownFileType = sourcecode.swift; path = Added_effect_shadow_in_buttonUITests.swift; sourceTree = "<group>"; };
		DC28A73D1F8F1047000AD505 /* Info.plist */ = {isa = PBXFileReference; lastKnownFileType = text.plist.xml; path = Info.plist; sourceTree = "<group>"; };
/* End PBXFileReference section */

/* Begin PBXFrameworksBuildPhase section */
		DC28A7151F8F1046000AD505 /* Frameworks */ = {
			isa = PBXFrameworksBuildPhase;
			buildActionMask = 2147483647;
			files = (
			);
			runOnlyForDeploymentPostprocessing = 0;
		};
		DC28A7291F8F1047000AD505 /* Frameworks */ = {
			isa = PBXFrameworksBuildPhase;
			buildActionMask = 2147483647;
			files = (
			);
			runOnlyForDeploymentPostprocessing = 0;
		};
		DC28A7341F8F1047000AD505 /* Frameworks */ = {
			isa = PBXFrameworksBuildPhase;
			buildActionMask = 2147483647;
			files = (
			);
			runOnlyForDeploymentPostprocessing = 0;
		};
/* End PBXFrameworksBuildPhase section */

/* Begin PBXGroup section */
		DC28A70F1F8F1046000AD505 = {
			isa = PBXGroup;
			children = (
				DC28A71A1F8F1046000AD505 /* Added effect shadow in button */,
				DC28A72F1F8F1047000AD505 /* Added effect shadow in buttonTests */,
				DC28A73A1F8F1047000AD505 /* Added effect shadow in buttonUITests */,
				DC28A7191F8F1046000AD505 /* Products */,
			);
			sourceTree = "<group>";
		};
		DC28A7191F8F1046000AD505 /* Products */ = {
			isa = PBXGroup;
			children = (
				DC28A7181F8F1046000AD505 /* Added effect shadow in button.app */,
				DC28A72C1F8F1047000AD505 /* Added effect shadow in buttonTests.xctest */,
				DC28A7371F8F1047000AD505 /* Added effect shadow in buttonUITests.xctest */,
			);
			name = Products;
			sourceTree = "<group>";
		};
		DC28A71A1F8F1046000AD505 /* Added effect shadow in button */ = {
			isa = PBXGroup;
			children = (
				DC28A71B1F8F1046000AD505 /* AppDelegate.swift */,
				DC28A71D1F8F1046000AD505 /* ViewController.swift */,
				DC28A71F1F8F1046000AD505 /* Main.storyboard */,
				DC28A7221F8F1046000AD505 /* Assets.xcassets */,
				DC28A7241F8F1046000AD505 /* LaunchScreen.storyboard */,
				DC28A7271F8F1046000AD505 /* Info.plist */,
			);
			path = "Added effect shadow in button";
			sourceTree = "<group>";
		};
		DC28A72F1F8F1047000AD505 /* Added effect shadow in buttonTests */ = {
			isa = PBXGroup;
			children = (
				DC28A7301F8F1047000AD505 /* Added_effect_shadow_in_buttonTests.swift */,
				DC28A7321F8F1047000AD505 /* Info.plist */,
			);
			path = "Added effect shadow in buttonTests";
			sourceTree = "<group>";
		};
		DC28A73A1F8F1047000AD505 /* Added effect shadow in buttonUITests */ = {
			isa = PBXGroup;
			children = (
				DC28A73B1F8F1047000AD505 /* Added_effect_shadow_in_buttonUITests.swift */,
				DC28A73D1F8F1047000AD505 /* Info.plist */,
			);
			path = "Added effect shadow in buttonUITests";
			sourceTree = "<group>";
		};
/* End PBXGroup section */

/* Begin PBXNativeTarget section */
		DC28A7171F8F1046000AD505 /* Added effect shadow in button */ = {
			isa = PBXNativeTarget;
			buildConfigurationList = DC28A7401F8F1047000AD505 /* Build configuration list for PBXNativeTarget "Added effect shadow in button" */;
			buildPhases = (
				DC28A7141F8F1046000AD505 /* Sources */,
				DC28A7151F8F1046000AD505 /* Frameworks */,
				DC28A7161F8F1046000AD505 /* Resources */,
			);
			buildRules = (
			);
			dependencies = (
			);
			name = "Added effect shadow in button";
			productName = "Added effect shadow in button";
			productReference = DC28A7181F8F1046000AD505 /* Added effect shadow in button.app */;
			productType = "com.apple.product-type.application";
		};
		DC28A72B1F8F1047000AD505 /* Added effect shadow in buttonTests */ = {
			isa = PBXNativeTarget;
			buildConfigurationList = DC28A7431F8F1047000AD505 /* Build configuration list for PBXNativeTarget "Added effect shadow in buttonTests" */;
			buildPhases = (
				DC28A7281F8F1047000AD505 /* Sources */,
				DC28A7291F8F1047000AD505 /* Frameworks */,
				DC28A72A1F8F1047000AD505 /* Resources */,
			);
			buildRules = (
			);
			dependencies = (
				DC28A72E1F8F1047000AD505 /* PBXTargetDependency */,
			);
			name = "Added effect shadow in buttonTests";
			productName = "Added effect shadow in buttonTests";
			productReference = DC28A72C1F8F1047000AD505 /* Added effect shadow in buttonTests.xctest */;
			productType = "com.apple.product-type.bundle.unit-test";
		};
		DC28A7361F8F1047000AD505 /* Added effect shadow in buttonUITests */ = {
			isa = PBXNativeTarget;
			buildConfigurationList = DC28A7461F8F1047000AD505 /* Build configuration list for PBXNativeTarget "Added effect shadow in buttonUITests" */;
			buildPhases = (
				DC28A7331F8F1047000AD505 /* Sources */,
				DC28A7341F8F1047000AD505 /* Frameworks */,
				DC28A7351F8F1047000AD505 /* Resources */,
			);
			buildRules = (
			);
			dependencies = (
				DC28A7391F8F1047000AD505 /* PBXTargetDependency */,
			);
			name = "Added effect shadow in buttonUITests";
			productName = "Added effect shadow in buttonUITests";
			productReference = DC28A7371F8F1047000AD505 /* Added effect shadow in buttonUITests.xctest */;
			productType = "com.apple.product-type.bundle.ui-testing";
		};
/* End PBXNativeTarget section */

/* Begin PBXProject section */
		DC28A7101F8F1046000AD505 /* Project object */ = {
			isa = PBXProject;
			attributes = {
				LastSwiftUpdateCheck = 0830;
				LastUpgradeCheck = 0830;
				ORGANIZATIONNAME = Arjuna;
				TargetAttributes = {
					DC28A7171F8F1046000AD505 = {
						CreatedOnToolsVersion = 8.3.3;
						ProvisioningStyle = Automatic;
					};
					DC28A72B1F8F1047000AD505 = {
						CreatedOnToolsVersion = 8.3.3;
						ProvisioningStyle = Automatic;
						TestTargetID = DC28A7171F8F1046000AD505;
					};
					DC28A7361F8F1047000AD505 = {
						CreatedOnToolsVersion = 8.3.3;
						ProvisioningStyle = Automatic;
						TestTargetID = DC28A7171F8F1046000AD505;
					};
				};
			};
			buildConfigurationList = DC28A7131F8F1046000AD505 /* Build configuration list for PBXProject "Added effect shadow in button" */;
			compatibilityVersion = "Xcode 3.2";
			developmentRegion = English;
			hasScannedForEncodings = 0;
			knownRegions = (
				en,
				Base,
			);
			mainGroup = DC28A70F1F8F1046000AD505;
			productRefGroup = DC28A7191F8F1046000AD505 /* Products */;
			projectDirPath = "";
			projectRoot = "";
			targets = (
				DC28A7171F8F1046000AD505 /* Added effect shadow in button */,
				DC28A72B1F8F1047000AD505 /* Added effect shadow in buttonTests */,
				DC28A7361F8F1047000AD505 /* Added effect shadow in buttonUITests */,
			);
		};
/* End PBXProject section */

/* Begin PBXResourcesBuildPhase section */
		DC28A7161F8F1046000AD505 /* Resources */ = {
			isa = PBXResourcesBuildPhase;
			buildActionMask = 2147483647;
			files = (
				DC28A7261F8F1046000AD505 /* LaunchScreen.storyboard in Resources */,
				DC28A7231F8F1046000AD505 /* Assets.xcassets in Resources */,
				DC28A7211F8F1046000AD505 /* Main.storyboard in Resources */,
			);
			runOnlyForDeploymentPostprocessing = 0;
		};
		DC28A72A1F8F1047000AD505 /* Resources */ = {
			isa = PBXResourcesBuildPhase;
			buildActionMask = 2147483647;
			files = (
			);
			runOnlyForDeploymentPostprocessing = 0;
		};
		DC28A7351F8F1047000AD505 /* Resources */ = {
			isa = PBXResourcesBuildPhase;
			buildActionMask = 2147483647;
			files = (
			);
			runOnlyForDeploymentPostprocessing = 0;
		};
/* End PBXResourcesBuildPhase section */

/* Begin PBXSourcesBuildPhase section */
		DC28A7141F8F1046000AD505 /* Sources */ = {
			isa = PBXSourcesBuildPhase;
			buildActionMask = 2147483647;
			files = (
				DC28A71E1F8F1046000AD505 /* ViewController.swift in Sources */,
				DC28A71C1F8F1046000AD505 /* AppDelegate.swift in Sources */,
			);
			runOnlyForDeploymentPostprocessing = 0;
		};
		DC28A7281F8F1047000AD505 /* Sources */ = {
			isa = PBXSourcesBuildPhase;
			buildActionMask = 2147483647;
			files = (
				DC28A7311F8F1047000AD505 /* Added_effect_shadow_in_buttonTests.swift in Sources */,
			);
			runOnlyForDeploymentPostprocessing = 0;
		};
		DC28A7331F8F1047000AD505 /* Sources */ = {
			isa = PBXSourcesBuildPhase;
			buildActionMask = 2147483647;
			files = (
				DC28A73C1F8F1047000AD505 /* Added_effect_shadow_in_buttonUITests.swift in Sources */,
			);
			runOnlyForDeploymentPostprocessing = 0;
		};
/* End PBXSourcesBuildPhase section */

/* Begin PBXTargetDependency section */
		DC28A72E1F8F1047000AD505 /* PBXTargetDependency */ = {
			isa = PBXTargetDependency;
			target = DC28A7171F8F1046000AD505 /* Added effect shadow in button */;
			targetProxy = DC28A72D1F8F1047000AD505 /* PBXContainerItemProxy */;
		};
		DC28A7391F8F1047000AD505 /* PBXTargetDependency */ = {
			isa = PBXTargetDependency;
			target = DC28A7171F8F1046000AD505 /* Added effect shadow in button */;
			targetProxy = DC28A7381F8F1047000AD505 /* PBXContainerItemProxy */;
		};
/* End PBXTargetDependency section */

/* Begin PBXVariantGroup section */
		DC28A71F1F8F1046000AD505 /* Main.storyboard */ = {
			isa = PBXVariantGroup;
			children = (
				DC28A7201F8F1046000AD505 /* Base */,
			);
			name = Main.storyboard;
			sourceTree = "<group>";
		};
		DC28A7241F8F1046000AD505 /* LaunchScreen.storyboard */ = {
			isa = PBXVariantGroup;
			children = (
				DC28A7251F8F1046000AD505 /* Base */,
			);
			name = LaunchScreen.storyboard;
			sourceTree = "<group>";
		};
/* End PBXVariantGroup section */

/* Begin XCBuildConfiguration section */
		DC28A73E1F8F1047000AD505 /* Debug */ = {
			isa = XCBuildConfiguration;
			buildSettings = {
				ALWAYS_SEARCH_USER_PATHS = NO;
				CLANG_ANALYZER_NONNULL = YES;
				CLANG_ANALYZER_NUMBER_OBJECT_CONVERSION = YES_AGGRESSIVE;
				CLANG_CXX_LANGUAGE_STANDARD = "gnu++0x";
				CLANG_CXX_LIBRARY = "libc++";
				CLANG_ENABLE_MODULES = YES;
				CLANG_ENABLE_OBJC_ARC = YES;
				CLANG_WARN_BOOL_CONVERSION = YES;
				CLANG_WARN_CONSTANT_CONVERSION = YES;
				CLANG_WARN_DIRECT_OBJC_ISA_USAGE = YES_ERROR;
				CLANG_WARN_DOCUMENTATION_COMMENTS = YES;
				CLANG_WARN_EMPTY_BODY = YES;
				CLANG_WARN_ENUM_CONVERSION = YES;
				CLANG_WARN_INFINITE_RECURSION = YES;
				CLANG_WARN_INT_CONVERSION = YES;
				CLANG_WARN_OBJC_ROOT_CLASS = YES_ERROR;
				CLANG_WARN_SUSPICIOUS_MOVE = YES;
				CLANG_WARN_UNREACHABLE_CODE = YES;
				CLANG_WARN__DUPLICATE_METHOD_MATCH = YES;
				"CODE_SIGN_IDENTITY[sdk=iphoneos*]" = "iPhone Developer";
				COPY_PHASE_STRIP = NO;
				DEBUG_INFORMATION_FORMAT = dwarf;
				ENABLE_STRICT_OBJC_MSGSEND = YES;
				ENABLE_TESTABILITY = YES;
				GCC_C_LANGUAGE_STANDARD = gnu99;
				GCC_DYNAMIC_NO_PIC = NO;
				GCC_NO_COMMON_BLOCKS = YES;
				GCC_OPTIMIZATION_LEVEL = 0;
				GCC_PREPROCESSOR_DEFINITIONS = (
					"DEBUG=1",
					"$(inherited)",
				);
				GCC_WARN_64_TO_32_BIT_CONVERSION = YES;
				GCC_WARN_ABOUT_RETURN_TYPE = YES_ERROR;
				GCC_WARN_UNDECLARED_SELECTOR = YES;
				GCC_WARN_UNINITIALIZED_AUTOS = YES_AGGRESSIVE;
				GCC_WARN_UNUSED_FUNCTION = YES;
				GCC_WARN_UNUSED_VARIABLE = YES;
				IPHONEOS_DEPLOYMENT_TARGET = 10.3;
				MTL_ENABLE_DEBUG_INFO = YES;
				ONLY_ACTIVE_ARCH = YES;
				SDKROOT = iphoneos;
				SWIFT_ACTIVE_COMPILATION_CONDITIONS = DEBUG;
				SWIFT_OPTIMIZATION_LEVEL = "-Onone";
				TARGETED_DEVICE_FAMILY = "1,2";
			};
			name = Debug;
		};
		DC28A73F1F8F1047000AD505 /* Release */ = {
			isa = XCBuildConfiguration;
			buildSettings = {
				ALWAYS_SEARCH_USER_PATHS = NO;
				CLANG_ANALYZER_NONNULL = YES;
				CLANG_ANALYZER_NUMBER_OBJECT_CONVERSION = YES_AGGRESSIVE;
				CLANG_CXX_LANGUAGE_STANDARD = "gnu++0x";
				CLANG_CXX_LIBRARY = "libc++";
				CLANG_ENABLE_MODULES = YES;
				CLANG_ENABLE_OBJC_ARC = YES;
				CLANG_WARN_BOOL_CONVERSION = YES;
				CLANG_WARN_CONSTANT_CONVERSION = YES;
				CLANG_WARN_DIRECT_OBJC_ISA_USAGE = YES_ERROR;
				CLANG_WARN_DOCUMENTATION_COMMENTS = YES;
				CLANG_WARN_EMPTY_BODY = YES;
				CLANG_WARN_ENUM_CONVERSION = YES;
				CLANG_WARN_INFINITE_RECURSION = YES;
				CLANG_WARN_INT_CONVERSION = YES;
				CLANG_WARN_OBJC_ROOT_CLASS = YES_ERROR;
				CLANG_WARN_SUSPICIOUS_MOVE = YES;
				CLANG_WARN_UNREACHABLE_CODE = YES;
				CLANG_WARN__DUPLICATE_METHOD_MATCH = YES;
				"CODE_SIGN_IDENTITY[sdk=iphoneos*]" = "iPhone Developer";
				COPY_PHASE_STRIP = NO;
				DEBUG_INFORMATION_FORMAT = "dwarf-with-dsym";
				ENABLE_NS_ASSERTIONS = NO;
				ENABLE_STRICT_OBJC_MSGSEND = YES;
				GCC_C_LANGUAGE_STANDARD = gnu99;
				GCC_NO_COMMON_BLOCKS = YES;
				GCC_WARN_64_TO_32_BIT_CONVERSION = YES;
				GCC_WARN_ABOUT_RETURN_TYPE = YES_ERROR;
				GCC_WARN_UNDECLARED_SELECTOR = YES;
				GCC_WARN_UNINITIALIZED_AUTOS = YES_AGGRESSIVE;
				GCC_WARN_UNUSED_FUNCTION = YES;
				GCC_WARN_UNUSED_VARIABLE = YES;
				IPHONEOS_DEPLOYMENT_TARGET = 10.3;
				MTL_ENABLE_DEBUG_INFO = NO;
				SDKROOT = iphoneos;
				SWIFT_OPTIMIZATION_LEVEL = "-Owholemodule";
				TARGETED_DEVICE_FAMILY = "1,2";
				VALIDATE_PRODUCT = YES;
			};
			name = Release;
		};
		DC28A7411F8F1047000AD505 /* Debug */ = {
			isa = XCBuildConfiguration;
			buildSettings = {
				ASSETCATALOG_COMPILER_APPICON_NAME = AppIcon;
				INFOPLIST_FILE = "Added effect shadow in button/Info.plist";
				LD_RUNPATH_SEARCH_PATHS = "$(inherited) @executable_path/Frameworks";
				PRODUCT_BUNDLE_IDENTIFIER = "com.developermuslim.Added-effect-shadow-in-button";
				PRODUCT_NAME = "$(TARGET_NAME)";
				SWIFT_VERSION = 3.0;
			};
			name = Debug;
		};
		DC28A7421F8F1047000AD505 /* Release */ = {
			isa = XCBuildConfiguration;
			buildSettings = {
				ASSETCATALOG_COMPILER_APPICON_NAME = AppIcon;
				INFOPLIST_FILE = "Added effect shadow in button/Info.plist";
				LD_RUNPATH_SEARCH_PATHS = "$(inherited) @executable_path/Frameworks";
				PRODUCT_BUNDLE_IDENTIFIER = "com.developermuslim.Added-effect-shadow-in-button";
				PRODUCT_NAME = "$(TARGET_NAME)";
				SWIFT_VERSION = 3.0;
			};
			name = Release;
		};
		DC28A7441F8F1047000AD505 /* Debug */ = {
			isa = XCBuildConfiguration;
			buildSettings = {
				ALWAYS_EMBED_SWIFT_STANDARD_LIBRARIES = YES;
				BUNDLE_LOADER = "$(TEST_HOST)";
				INFOPLIST_FILE = "Added effect shadow in buttonTests/Info.plist";
				LD_RUNPATH_SEARCH_PATHS = "$(inherited) @executable_path/Frameworks @loader_path/Frameworks";
				PRODUCT_BUNDLE_IDENTIFIER = "com.developermuslim.Added-effect-shadow-in-buttonTests";
				PRODUCT_NAME = "$(TARGET_NAME)";
				SWIFT_VERSION = 3.0;
				TEST_HOST = "$(BUILT_PRODUCTS_DIR)/Added effect shadow in button.app/Added effect shadow in button";
			};
			name = Debug;
		};
		DC28A7451F8F1047000AD505 /* Release */ = {
			isa = XCBuildConfiguration;
			buildSettings = {
				ALWAYS_EMBED_SWIFT_STANDARD_LIBRARIES = YES;
				BUNDLE_LOADER = "$(TEST_HOST)";
				INFOPLIST_FILE = "Added effect shadow in buttonTests/Info.plist";
				LD_RUNPATH_SEARCH_PATHS = "$(inherited) @executable_path/Frameworks @loader_path/Frameworks";
				PRODUCT_BUNDLE_IDENTIFIER = "com.developermuslim.Added-effect-shadow-in-buttonTests";
				PRODUCT_NAME = "$(TARGET_NAME)";
				SWIFT_VERSION = 3.0;
				TEST_HOST = "$(BUILT_PRODUCTS_DIR)/Added effect shadow in button.app/Added effect shadow in button";
			};
			name = Release;
		};
		DC28A7471F8F1047000AD505 /* Debug */ = {
			isa = XCBuildConfiguration;
			buildSettings = {
				ALWAYS_EMBED_SWIFT_STANDARD_LIBRARIES = YES;
				INFOPLIST_FILE = "Added effect shadow in buttonUITests/Info.plist";
				LD_RUNPATH_SEARCH_PATHS = "$(inherited) @executable_path/Frameworks @loader_path/Frameworks";
				PRODUCT_BUNDLE_IDENTIFIER = "com.developermuslim.Added-effect-shadow-in-buttonUITests";
				PRODUCT_NAME = "$(TARGET_NAME)";
				SWIFT_VERSION = 3.0;
				TEST_TARGET_NAME = "Added effect shadow in button";
			};
			name = Debug;
		};
		DC28A7481F8F1047000AD505 /* Release */ = {
			isa = XCBuildConfiguration;
			buildSettings = {
				ALWAYS_EMBED_SWIFT_STANDARD_LIBRARIES = YES;
				INFOPLIST_FILE = "Added effect shadow in buttonUITests/Info.plist";
				LD_RUNPATH_SEARCH_PATHS = "$(inherited) @executable_path/Frameworks @loader_path/Frameworks";
				PRODUCT_BUNDLE_IDENTIFIER = "com.developermuslim.Added-effect-shadow-in-buttonUITests";
				PRODUCT_NAME = "$(TARGET_NAME)";
				SWIFT_VERSION = 3.0;
				TEST_TARGET_NAME = "Added effect shadow in button";
			};
			name = Release;
		};
/* End XCBuildConfiguration section */

/* Begin XCConfigurationList section */
		DC28A7131F8F1046000AD505 /* Build configuration list for PBXProject "Added effect shadow in button" */ = {
			isa = XCConfigurationList;
			buildConfigurations = (
				DC28A73E1F8F1047000AD505 /* Debug */,
				DC28A73F1F8F1047000AD505 /* Release */,
			);
			defaultConfigurationIsVisible = 0;
			defaultConfigurationName = Release;
		};
		DC28A7401F8F1047000AD505 /* Build configuration list for PBXNativeTarget "Added effect shadow in button" */ = {
			isa = XCConfigurationList;
			buildConfigurations = (
				DC28A7411F8F1047000AD505 /* Debug */,
				DC28A7421F8F1047000AD505 /* Release */,
			);
			defaultConfigurationIsVisible = 0;
		};
		DC28A7431F8F1047000AD505 /* Build configuration list for PBXNativeTarget "Added effect shadow in buttonTests" */ = {
			isa = XCConfigurationList;
			buildConfigurations = (
				DC28A7441F8F1047000AD505 /* Debug */,
				DC28A7451F8F1047000AD505 /* Release */,
			);
			defaultConfigurationIsVisible = 0;
		};
		DC28A7461F8F1047000AD505 /* Build configuration list for PBXNativeTarget "Added effect shadow in buttonUITests" */ = {
			isa = XCConfigurationList;
			buildConfigurations = (
				DC28A7471F8F1047000AD505 /* Debug */,
				DC28A7481F8F1047000AD505 /* Release */,
			);
			defaultConfigurationIsVisible = 0;
		};
/* End XCConfigurationList section */
	};
	rootObject = DC28A7101F8F1046000AD505 /* Project object */;
}
